{
  "name": "GDMC",
  "lockfileVersion": 3,
  "requires": true,
  "packages": {
    "": {
      "dependencies": {
        "dataclass": "^2.1.1"
      }
    },
    "node_modules/dataclass": {
      "version": "2.1.1",
      "resolved": "https://registry.npmjs.org/dataclass/-/dataclass-2.1.1.tgz",
      "integrity": "sha512-UNG2qao2GaHrnVQtarekOjUt1BvU6vt1OUnYSp+3BuFNs+iKjiBmIz2cabXtP2ZjthM8n3ox1lRKrUxp4SKG9A==",
      "license": "ISC"
    }
  }
}
